// !$*UTF8*$!
{
	archiveVersion = 1;
	classes = {
	};
	objectVersion = 46;
	objects = {

/* Begin PBXBuildFile section */
		3CFA911B1A5C34B6004EE70E /* main.m in Sources */ = {isa = PBXBuildFile; fileRef = 3CFA911A1A5C34B6004EE70E /* main.m */; };
		3CFA91261A5C3CE2004EE70E /* ZKZTeststring.m in Sources */ = {isa = PBXBuildFile; fileRef = 3CFA91251A5C3CE2004EE70E /* ZKZTeststring.m */; };
		3CFA91291A5C423D004EE70E /* NSString+testemail.m in Sources */ = {isa = PBXBuildFile; fileRef = 3CFA91281A5C423D004EE70E /* NSString+testemail.m */; };
/* End PBXBuildFile section */

/* Begin PBXCopyFilesBuildPhase section */
		3CFA91151A5C34B6004EE70E /* CopyFiles */ = {
			isa = PBXCopyFilesBuildPhase;
			buildActionMask = 2147483647;
			dstPath = /usr/share/man/man1/;
			dstSubfolderSpec = 0;
			files = (
			);
			runOnlyForDeploymentPostprocessing = 1;
		};
/* End PBXCopyFilesBuildPhase section */

/* Begin PBXFileReference section */
		3CFA91171A5C34B6004EE70E /* 类别练习题 */ = {isa = PBXFileReference; explicitFileType = "compiled.mach-o.executable"; includeInIndex = 0; path = "类别练习题"; sourceTree = BUILT_PRODUCTS_DIR; };
		3CFA911A1A5C34B6004EE70E /* main.m */ = {isa = PBXFileReference; lastKnownFileType = sourcecode.c.objc; path = main.m; sourceTree = "<group>"; };
		3CFA91241A5C3CE2004EE70E /* ZKZTeststring.h */ = {isa = PBXFileReference; fileEncoding = 4; lastKnownFileType = sourcecode.c.h; path = ZKZTeststring.h; sourceTree = "<group>"; };
		3CFA91251A5C3CE2004EE70E /* ZKZTeststring.m */ = {isa = PBXFileReference; fileEncoding = 4; lastKnownFileType = sourcecode.c.objc; path = ZKZTeststring.m; sourceTree = "<group>"; };
		3CFA91271A5C423D004EE70E /* NSString+testemail.h */ = {isa = PBXFileReference; fileEncoding = 4; lastKnownFileType = sourcecode.c.h; path = "NSString+testemail.h"; sourceTree = "<group>"; };
		3CFA91281A5C423D004EE70E /* NSString+testemail.m */ = {isa = PBXFileReference; fileEncoding = 4; lastKnownFileType = sourcecode.c.objc; path = "NSString+testemail.m"; sourceTree = "<group>"; };
/* End PBXFileReference section */

/* Begin PBXFrameworksBuildPhase section */
		3CFA91141A5C34B6004EE70E /* Frameworks */ = {
			isa = PBXFrameworksBuildPhase;
			buildActionMask = 2147483647;
			files = (
			);
			runOnlyForDeploymentPostprocessing = 0;
		};
/* End PBXFrameworksBuildPhase section */

/* Begin PBXGroup section */
		3CFA910E1A5C34B6004EE70E = {
			isa = PBXGroup;
			children = (
				3CFA91191A5C34B6004EE70E /* 类别练习题 */,
				3CFA91181A5C34B6004EE70E /* Products */,
			);
			sourceTree = "<group>";
		};
		3CFA91181A5C34B6004EE70E /* Products */ = {
			isa = PBXGroup;
			children = (
				3CFA91171A5C34B6004EE70E /* 类别练习题 */,
			);
			name = Products;
			sourceTree = "<group>";
		};
		3CFA91191A5C34B6004EE70E /* 类别练习题 */ = {
			isa = PBXGroup;
			children = (
				3CFA911A1A5C34B6004EE70E /* main.m */,
				3CFA91271A5C423D004EE70E /* NSString+testemail.h */,
				3CFA91281A5C423D004EE70E /* NSString+testemail.m */,
				3CFA91241A5C3CE2004EE70E /* ZKZTeststring.h */,
				3CFA91251A5C3CE2004EE70E /* ZKZTeststring.m */,
			);
			path = "类别练习题";
			sourceTree = "<group>";
		};
/* End PBXGroup section */

/* Begin PBXNativeTarget section */
		3CFA91161A5C34B6004EE70E /* 类别练习题 */ = {
			isa = PBXNativeTarget;
			buildConfigurationList = 3CFA911E1A5C34B6004EE70E /* Build configuration list for PBXNativeTarget "类别练习题" */;
			buildPhases = (
				3CFA91131A5C34B6004EE70E /* Sources */,
				3CFA91141A5C34B6004EE70E /* Frameworks */,
				3CFA91151A5C34B6004EE70E /* CopyFiles */,
			);
			buildRules = (
			);
			dependencies = (
			);
			name = "类别练习题";
			productName = "类别练习题";
			productReference = 3CFA91171A5C34B6004EE70E /* 类别练习题 */;
			productType = "com.apple.product-type.tool";
		};
/* End PBXNativeTarget section */

/* Begin PBXProject section */
		3CFA910F1A5C34B6004EE70E /* Project object */ = {
			isa = PBXProject;
			attributes = {
				LastUpgradeCheck = 0610;
				ORGANIZATIONNAME = wyzc;
				TargetAttributes = {
					3CFA91161A5C34B6004EE70E = {
						CreatedOnToolsVersion = 6.1;
					};
				};
			};
			buildConfigurationList = 3CFA91121A5C34B6004EE70E /* Build configuration list for PBXProject "类别练习题" */;
			compatibilityVersion = "Xcode 3.2";
			developmentRegion = English;
			hasScannedForEncodings = 0;
			knownRegions = (
				en,
			);
			mainGroup = 3CFA910E1A5C34B6004EE70E;
			productRefGroup = 3CFA91181A5C34B6004EE70E /* Products */;
			projectDirPath = "";
			projectRoot = "";
			targets = (
				3CFA91161A5C34B6004EE70E /* 类别练习题 */,
			);
		};
/* End PBXProject section */

/* Begin PBXSourcesBuildPhase section */
		3CFA91131A5C34B6004EE70E /* Sources */ = {
			isa = PBXSourcesBuildPhase;
			buildActionMask = 2147483647;
			files = (
				3CFA91261A5C3CE2004EE70E /* ZKZTeststring.m in Sources */,
				3CFA91291A5C423D004EE70E /* NSString+testemail.m in Sources */,
				3CFA911B1A5C34B6004EE70E /* main.m in Sources */,
			);
			runOnlyForDeploymentPostprocessing = 0;
		};
/* End PBXSourcesBuildPhase section */

/* Begin XCBuildConfiguration section */
		3CFA911C1A5C34B6004EE70E /* Debug */ = {
			isa = XCBuildConfiguration;
			buildSettings = {
				ALWAYS_SEARCH_USER_PATHS = NO;
				CLANG_CXX_LANGUAGE_STANDARD = "gnu++0x";
				CLANG_CXX_LIBRARY = "libc++";
				CLANG_ENABLE_MODULES = YES;
				CLANG_ENABLE_OBJC_ARC = YES;
				CLANG_WARN_BOOL_CONVERSION = YES;
				CLANG_WARN_CONSTANT_CONVERSION = YES;
				CLANG_WARN_DIRECT_OBJC_ISA_USAGE = YES_ERROR;
				CLANG_WARN_EMPTY_BODY = YES;
				CLANG_WARN_ENUM_CONVERSION = YES;
				CLANG_WARN_INT_CONVERSION = YES;
				CLANG_WARN_OBJC_ROOT_CLASS = YES_ERROR;
				CLANG_WARN_UNREACHABLE_CODE = YES;
				CLANG_WARN__DUPLICATE_METHOD_MATCH = YES;
				COPY_PHASE_STRIP = NO;
				ENABLE_STRICT_OBJC_MSGSEND = YES;
				GCC_C_LANGUAGE_STANDARD = gnu99;
				GCC_DYNAMIC_NO_PIC = NO;
				GCC_OPTIMIZATION_LEVEL = 0;
				GCC_PREPROCESSOR_DEFINITIONS = (
					"DEBUG=1",
					"$(inherited)",
				);
				GCC_SYMBOLS_PRIVATE_EXTERN = NO;
				GCC_WARN_64_TO_32_BIT_CONVERSION = YES;
				GCC_WARN_ABOUT_RETURN_TYPE = YES_ERROR;
				GCC_WARN_UNDECLARED_SELECTOR = YES;
				GCC_WARN_UNINITIALIZED_AUTOS = YES_AGGRESSIVE;
				GCC_WARN_UNUSED_FUNCTION = YES;
				GCC_WARN_UNUSED_VARIABLE = YES;
				MACOSX_DEPLOYMENT_TARGET = 10.9;
				MTL_ENABLE_DEBUG_INFO = YES;
				ONLY_ACTIVE_ARCH = YES;
				SDKROOT = macosx;
			};
			name = Debug;
		};
		3CFA911D1A5C34B6004EE70E /* Release */ = {
			isa = XCBuildConfiguration;
			buildSettings = {
				ALWAYS_SEARCH_USER_PATHS = NO;
				CLANG_CXX_LANGUAGE_STANDARD = "gnu++0x";
				CLANG_CXX_LIBRARY = "libc++";
				CLANG_ENABLE_MODULES = YES;
				CLANG_ENABLE_OBJC_ARC = YES;
				CLANG_WARN_BOOL_CONVERSION = YES;
				CLANG_WARN_CONSTANT_CONVERSION = YES;
				CLANG_WARN_DIRECT_OBJC_ISA_USAGE = YES_ERROR;
				CLANG_WARN_EMPTY_BODY = YES;
				CLANG_WARN_ENUM_CONVERSION = YES;
				CLANG_WARN_INT_CONVERSION = YES;
				CLANG_WARN_OBJC_ROOT_CLASS = YES_ERROR;
				CLANG_WARN_UNREACHABLE_CODE = YES;
				CLANG_WARN__DUPLICATE_METHOD_MATCH = YES;
				COPY_PHASE_STRIP = YES;
				DEBUG_INFORMATION_FORMAT = "dwarf-with-dsym";
				ENABLE_NS_ASSERTIONS = NO;
				ENABLE_STRICT_OBJC_MSGSEND = YES;
				GCC_C_LANGUAGE_STANDARD = gnu99;
				GCC_WARN_64_TO_32_BIT_CONVERSION = YES;
				GCC_WARN_ABOUT_RETURN_TYPE = YES_ERROR;
				GCC_WARN_UNDECLARED_SELECTOR = YES;
				GCC_WARN_UNINITIALIZED_AUTOS = YES_AGGRESSIVE;
				GCC_WARN_UNUSED_FUNCTION = YES;
				GCC_WARN_UNUSED_VARIABLE = YES;
				MACOSX_DEPLOYMENT_TARGET = 10.9;
				MTL_ENABLE_DEBUG_INFO = NO;
				SDKROOT = macosx;
			};
			name = Release;
		};
		3CFA911F1A5C34B6004EE70E /* Debug */ = {
			isa = XCBuildConfiguration;
			buildSettings = {
				PRODUCT_NAME = "$(TARGET_NAME)";
			};
			name = Debug;
		};
		3CFA91201A5C34B6004EE70E /* Release */ = {
			isa = XCBuildConfiguration;
			buildSettings = {
				PRODUCT_NAME = "$(TARGET_NAME)";
			};
			name = Release;
		};
/* End XCBuildConfiguration section */

/* Begin XCConfigurationList section */
		3CFA91121A5C34B6004EE70E /* Build configuration list for PBXProject "类别练习题" */ = {
			isa = XCConfigurationList;
			buildConfigurations = (
				3CFA911C1A5C34B6004EE70E /* Debug */,
				3CFA911D1A5C34B6004EE70E /* Release */,
			);
			defaultConfigurationIsVisible = 0;
			defaultConfigurationName = Release;
		};
		3CFA911E1A5C34B6004EE70E /* Build configuration list for PBXNativeTarget "类别练习题" */ = {
			isa = XCConfigurationList;
			buildConfigurations = (
				3CFA911F1A5C34B6004EE70E /* Debug */,
				3CFA91201A5C34B6004EE70E /* Release */,
			);
			defaultConfigurationIsVisible = 0;
		};
/* End XCConfigurationList section */
	};
	rootObject = 3CFA910F1A5C34B6004EE70E /* Project object */;
}
