// !$*UTF8*$!
{
	archiveVersion = 1;
	classes = {
	};
	objectVersion = 46;
	objects = {

/* Begin PBXBuildFile section */
		3CF1C3781A52F6D700E152D7 /* main.m in Sources */ = {isa = PBXBuildFile; fileRef = 3CF1C3771A52F6D700E152D7 /* main.m */; };
		3CF1C3801A52F6EE00E152D7 /* Car.m in Sources */ = {isa = PBXBuildFile; fileRef = 3CF1C37F1A52F6EE00E152D7 /* Car.m */; };
/* End PBXBuildFile section */

/* Begin PBXCopyFilesBuildPhase section */
		3CF1C3721A52F6D700E152D7 /* CopyFiles */ = {
			isa = PBXCopyFilesBuildPhase;
			buildActionMask = 2147483647;
			dstPath = /usr/share/man/man1/;
			dstSubfolderSpec = 0;
			files = (
			);
			runOnlyForDeploymentPostprocessing = 1;
		};
/* End PBXCopyFilesBuildPhase section */

/* Begin PBXFileReference section */
		3CF1C3741A52F6D700E152D7 /* 封装 特性 */ = {isa = PBXFileReference; explicitFileType = "compiled.mach-o.executable"; includeInIndex = 0; path = "封装 特性"; sourceTree = BUILT_PRODUCTS_DIR; };
		3CF1C3771A52F6D700E152D7 /* main.m */ = {isa = PBXFileReference; lastKnownFileType = sourcecode.c.objc; path = main.m; sourceTree = "<group>"; };
		3CF1C37E1A52F6EE00E152D7 /* Car.h */ = {isa = PBXFileReference; fileEncoding = 4; lastKnownFileType = sourcecode.c.h; path = Car.h; sourceTree = "<group>"; };
		3CF1C37F1A52F6EE00E152D7 /* Car.m */ = {isa = PBXFileReference; fileEncoding = 4; lastKnownFileType = sourcecode.c.objc; path = Car.m; sourceTree = "<group>"; };
/* End PBXFileReference section */

/* Begin PBXFrameworksBuildPhase section */
		3CF1C3711A52F6D700E152D7 /* Frameworks */ = {
			isa = PBXFrameworksBuildPhase;
			buildActionMask = 2147483647;
			files = (
			);
			runOnlyForDeploymentPostprocessing = 0;
		};
/* End PBXFrameworksBuildPhase section */

/* Begin PBXGroup section */
		3CF1C36B1A52F6D700E152D7 = {
			isa = PBXGroup;
			children = (
				3CF1C3761A52F6D700E152D7 /* 封装 特性 */,
				3CF1C3751A52F6D700E152D7 /* Products */,
			);
			sourceTree = "<group>";
		};
		3CF1C3751A52F6D700E152D7 /* Products */ = {
			isa = PBXGroup;
			children = (
				3CF1C3741A52F6D700E152D7 /* 封装 特性 */,
			);
			name = Products;
			sourceTree = "<group>";
		};
		3CF1C3761A52F6D700E152D7 /* 封装 特性 */ = {
			isa = PBXGroup;
			children = (
				3CF1C3771A52F6D700E152D7 /* main.m */,
				3CF1C37E1A52F6EE00E152D7 /* Car.h */,
				3CF1C37F1A52F6EE00E152D7 /* Car.m */,
			);
			path = "封装 特性";
			sourceTree = "<group>";
		};
/* End PBXGroup section */

/* Begin PBXNativeTarget section */
		3CF1C3731A52F6D700E152D7 /* 封装 特性 */ = {
			isa = PBXNativeTarget;
			buildConfigurationList = 3CF1C37B1A52F6D700E152D7 /* Build configuration list for PBXNativeTarget "封装 特性" */;
			buildPhases = (
				3CF1C3701A52F6D700E152D7 /* Sources */,
				3CF1C3711A52F6D700E152D7 /* Frameworks */,
				3CF1C3721A52F6D700E152D7 /* CopyFiles */,
			);
			buildRules = (
			);
			dependencies = (
			);
			name = "封装 特性";
			productName = "封装 特性";
			productReference = 3CF1C3741A52F6D700E152D7 /* 封装 特性 */;
			productType = "com.apple.product-type.tool";
		};
/* End PBXNativeTarget section */

/* Begin PBXProject section */
		3CF1C36C1A52F6D700E152D7 /* Project object */ = {
			isa = PBXProject;
			attributes = {
				LastUpgradeCheck = 0610;
				ORGANIZATIONNAME = wyzc;
				TargetAttributes = {
					3CF1C3731A52F6D700E152D7 = {
						CreatedOnToolsVersion = 6.1;
					};
				};
			};
			buildConfigurationList = 3CF1C36F1A52F6D700E152D7 /* Build configuration list for PBXProject "封装 特性" */;
			compatibilityVersion = "Xcode 3.2";
			developmentRegion = English;
			hasScannedForEncodings = 0;
			knownRegions = (
				en,
			);
			mainGroup = 3CF1C36B1A52F6D700E152D7;
			productRefGroup = 3CF1C3751A52F6D700E152D7 /* Products */;
			projectDirPath = "";
			projectRoot = "";
			targets = (
				3CF1C3731A52F6D700E152D7 /* 封装 特性 */,
			);
		};
/* End PBXProject section */

/* Begin PBXSourcesBuildPhase section */
		3CF1C3701A52F6D700E152D7 /* Sources */ = {
			isa = PBXSourcesBuildPhase;
			buildActionMask = 2147483647;
			files = (
				3CF1C3801A52F6EE00E152D7 /* Car.m in Sources */,
				3CF1C3781A52F6D700E152D7 /* main.m in Sources */,
			);
			runOnlyForDeploymentPostprocessing = 0;
		};
/* End PBXSourcesBuildPhase section */

/* Begin XCBuildConfiguration section */
		3CF1C3791A52F6D700E152D7 /* Debug */ = {
			isa = XCBuildConfiguration;
			buildSettings = {
				ALWAYS_SEARCH_USER_PATHS = NO;
				CLANG_CXX_LANGUAGE_STANDARD = "gnu++0x";
				CLANG_CXX_LIBRARY = "libc++";
				CLANG_ENABLE_MODULES = YES;
				CLANG_ENABLE_OBJC_ARC = YES;
				CLANG_WARN_BOOL_CONVERSION = YES;
				CLANG_WARN_CONSTANT_CONVERSION = YES;
				CLANG_WARN_DIRECT_OBJC_ISA_USAGE = YES_ERROR;
				CLANG_WARN_EMPTY_BODY = YES;
				CLANG_WARN_ENUM_CONVERSION = YES;
				CLANG_WARN_INT_CONVERSION = YES;
				CLANG_WARN_OBJC_ROOT_CLASS = YES_ERROR;
				CLANG_WARN_UNREACHABLE_CODE = YES;
				CLANG_WARN__DUPLICATE_METHOD_MATCH = YES;
				COPY_PHASE_STRIP = NO;
				ENABLE_STRICT_OBJC_MSGSEND = YES;
				GCC_C_LANGUAGE_STANDARD = gnu99;
				GCC_DYNAMIC_NO_PIC = NO;
				GCC_OPTIMIZATION_LEVEL = 0;
				GCC_PREPROCESSOR_DEFINITIONS = (
					"DEBUG=1",
					"$(inherited)",
				);
				GCC_SYMBOLS_PRIVATE_EXTERN = NO;
				GCC_WARN_64_TO_32_BIT_CONVERSION = YES;
				GCC_WARN_ABOUT_RETURN_TYPE = YES_ERROR;
				GCC_WARN_UNDECLARED_SELECTOR = YES;
				GCC_WARN_UNINITIALIZED_AUTOS = YES_AGGRESSIVE;
				GCC_WARN_UNUSED_FUNCTION = YES;
				GCC_WARN_UNUSED_VARIABLE = YES;
				MACOSX_DEPLOYMENT_TARGET = 10.9;
				MTL_ENABLE_DEBUG_INFO = YES;
				ONLY_ACTIVE_ARCH = YES;
				SDKROOT = macosx;
			};
			name = Debug;
		};
		3CF1C37A1A52F6D700E152D7 /* Release */ = {
			isa = XCBuildConfiguration;
			buildSettings = {
				ALWAYS_SEARCH_USER_PATHS = NO;
				CLANG_CXX_LANGUAGE_STANDARD = "gnu++0x";
				CLANG_CXX_LIBRARY = "libc++";
				CLANG_ENABLE_MODULES = YES;
				CLANG_ENABLE_OBJC_ARC = YES;
				CLANG_WARN_BOOL_CONVERSION = YES;
				CLANG_WARN_CONSTANT_CONVERSION = YES;
				CLANG_WARN_DIRECT_OBJC_ISA_USAGE = YES_ERROR;
				CLANG_WARN_EMPTY_BODY = YES;
				CLANG_WARN_ENUM_CONVERSION = YES;
				CLANG_WARN_INT_CONVERSION = YES;
				CLANG_WARN_OBJC_ROOT_CLASS = YES_ERROR;
				CLANG_WARN_UNREACHABLE_CODE = YES;
				CLANG_WARN__DUPLICATE_METHOD_MATCH = YES;
				COPY_PHASE_STRIP = YES;
				DEBUG_INFORMATION_FORMAT = "dwarf-with-dsym";
				ENABLE_NS_ASSERTIONS = NO;
				ENABLE_STRICT_OBJC_MSGSEND = YES;
				GCC_C_LANGUAGE_STANDARD = gnu99;
				GCC_WARN_64_TO_32_BIT_CONVERSION = YES;
				GCC_WARN_ABOUT_RETURN_TYPE = YES_ERROR;
				GCC_WARN_UNDECLARED_SELECTOR = YES;
				GCC_WARN_UNINITIALIZED_AUTOS = YES_AGGRESSIVE;
				GCC_WARN_UNUSED_FUNCTION = YES;
				GCC_WARN_UNUSED_VARIABLE = YES;
				MACOSX_DEPLOYMENT_TARGET = 10.9;
				MTL_ENABLE_DEBUG_INFO = NO;
				SDKROOT = macosx;
			};
			name = Release;
		};
		3CF1C37C1A52F6D700E152D7 /* Debug */ = {
			isa = XCBuildConfiguration;
			buildSettings = {
				PRODUCT_NAME = "$(TARGET_NAME)";
			};
			name = Debug;
		};
		3CF1C37D1A52F6D700E152D7 /* Release */ = {
			isa = XCBuildConfiguration;
			buildSettings = {
				PRODUCT_NAME = "$(TARGET_NAME)";
			};
			name = Release;
		};
/* End XCBuildConfiguration section */

/* Begin XCConfigurationList section */
		3CF1C36F1A52F6D700E152D7 /* Build configuration list for PBXProject "封装 特性" */ = {
			isa = XCConfigurationList;
			buildConfigurations = (
				3CF1C3791A52F6D700E152D7 /* Debug */,
				3CF1C37A1A52F6D700E152D7 /* Release */,
			);
			defaultConfigurationIsVisible = 0;
			defaultConfigurationName = Release;
		};
		3CF1C37B1A52F6D700E152D7 /* Build configuration list for PBXNativeTarget "封装 特性" */ = {
			isa = XCConfigurationList;
			buildConfigurations = (
				3CF1C37C1A52F6D700E152D7 /* Debug */,
				3CF1C37D1A52F6D700E152D7 /* Release */,
			);
			defaultConfigurationIsVisible = 0;
		};
/* End XCConfigurationList section */
	};
	rootObject = 3CF1C36C1A52F6D700E152D7 /* Project object */;
}
