// !$*UTF8*$!
{
	archiveVersion = 1;
	classes = {
	};
	objectVersion = 46;
	objects = {

/* Begin PBXBuildFile section */
		3CA732C71A6519B3002C58AE /* main.m in Sources */ = {isa = PBXBuildFile; fileRef = 3CA732C61A6519B3002C58AE /* main.m */; };
		3CA732CF1A6519D2002C58AE /* User.m in Sources */ = {isa = PBXBuildFile; fileRef = 3CA732CE1A6519D2002C58AE /* User.m */; };
/* End PBXBuildFile section */

/* Begin PBXCopyFilesBuildPhase section */
		3CA732C11A6519B3002C58AE /* CopyFiles */ = {
			isa = PBXCopyFilesBuildPhase;
			buildActionMask = 2147483647;
			dstPath = /usr/share/man/man1/;
			dstSubfolderSpec = 0;
			files = (
			);
			runOnlyForDeploymentPostprocessing = 1;
		};
/* End PBXCopyFilesBuildPhase section */

/* Begin PBXFileReference section */
		3CA732C31A6519B3002C58AE /* 自己的类如何实现拷贝 */ = {isa = PBXFileReference; explicitFileType = "compiled.mach-o.executable"; includeInIndex = 0; path = "自己的类如何实现拷贝"; sourceTree = BUILT_PRODUCTS_DIR; };
		3CA732C61A6519B3002C58AE /* main.m */ = {isa = PBXFileReference; lastKnownFileType = sourcecode.c.objc; path = main.m; sourceTree = "<group>"; };
		3CA732CD1A6519D2002C58AE /* User.h */ = {isa = PBXFileReference; fileEncoding = 4; lastKnownFileType = sourcecode.c.h; path = User.h; sourceTree = "<group>"; };
		3CA732CE1A6519D2002C58AE /* User.m */ = {isa = PBXFileReference; fileEncoding = 4; lastKnownFileType = sourcecode.c.objc; path = User.m; sourceTree = "<group>"; };
/* End PBXFileReference section */

/* Begin PBXFrameworksBuildPhase section */
		3CA732C01A6519B3002C58AE /* Frameworks */ = {
			isa = PBXFrameworksBuildPhase;
			buildActionMask = 2147483647;
			files = (
			);
			runOnlyForDeploymentPostprocessing = 0;
		};
/* End PBXFrameworksBuildPhase section */

/* Begin PBXGroup section */
		3CA732BA1A6519B3002C58AE = {
			isa = PBXGroup;
			children = (
				3CA732C51A6519B3002C58AE /* 自己的类如何实现拷贝 */,
				3CA732C41A6519B3002C58AE /* Products */,
			);
			sourceTree = "<group>";
		};
		3CA732C41A6519B3002C58AE /* Products */ = {
			isa = PBXGroup;
			children = (
				3CA732C31A6519B3002C58AE /* 自己的类如何实现拷贝 */,
			);
			name = Products;
			sourceTree = "<group>";
		};
		3CA732C51A6519B3002C58AE /* 自己的类如何实现拷贝 */ = {
			isa = PBXGroup;
			children = (
				3CA732C61A6519B3002C58AE /* main.m */,
				3CA732CD1A6519D2002C58AE /* User.h */,
				3CA732CE1A6519D2002C58AE /* User.m */,
			);
			path = "自己的类如何实现拷贝";
			sourceTree = "<group>";
		};
/* End PBXGroup section */

/* Begin PBXNativeTarget section */
		3CA732C21A6519B3002C58AE /* 自己的类如何实现拷贝 */ = {
			isa = PBXNativeTarget;
			buildConfigurationList = 3CA732CA1A6519B3002C58AE /* Build configuration list for PBXNativeTarget "自己的类如何实现拷贝" */;
			buildPhases = (
				3CA732BF1A6519B3002C58AE /* Sources */,
				3CA732C01A6519B3002C58AE /* Frameworks */,
				3CA732C11A6519B3002C58AE /* CopyFiles */,
			);
			buildRules = (
			);
			dependencies = (
			);
			name = "自己的类如何实现拷贝";
			productName = "自己的类如何实现拷贝";
			productReference = 3CA732C31A6519B3002C58AE /* 自己的类如何实现拷贝 */;
			productType = "com.apple.product-type.tool";
		};
/* End PBXNativeTarget section */

/* Begin PBXProject section */
		3CA732BB1A6519B3002C58AE /* Project object */ = {
			isa = PBXProject;
			attributes = {
				LastUpgradeCheck = 0610;
				ORGANIZATIONNAME = wyzc;
				TargetAttributes = {
					3CA732C21A6519B3002C58AE = {
						CreatedOnToolsVersion = 6.1;
					};
				};
			};
			buildConfigurationList = 3CA732BE1A6519B3002C58AE /* Build configuration list for PBXProject "自己的类如何实现拷贝" */;
			compatibilityVersion = "Xcode 3.2";
			developmentRegion = English;
			hasScannedForEncodings = 0;
			knownRegions = (
				en,
			);
			mainGroup = 3CA732BA1A6519B3002C58AE;
			productRefGroup = 3CA732C41A6519B3002C58AE /* Products */;
			projectDirPath = "";
			projectRoot = "";
			targets = (
				3CA732C21A6519B3002C58AE /* 自己的类如何实现拷贝 */,
			);
		};
/* End PBXProject section */

/* Begin PBXSourcesBuildPhase section */
		3CA732BF1A6519B3002C58AE /* Sources */ = {
			isa = PBXSourcesBuildPhase;
			buildActionMask = 2147483647;
			files = (
				3CA732CF1A6519D2002C58AE /* User.m in Sources */,
				3CA732C71A6519B3002C58AE /* main.m in Sources */,
			);
			runOnlyForDeploymentPostprocessing = 0;
		};
/* End PBXSourcesBuildPhase section */

/* Begin XCBuildConfiguration section */
		3CA732C81A6519B3002C58AE /* Debug */ = {
			isa = XCBuildConfiguration;
			buildSettings = {
				ALWAYS_SEARCH_USER_PATHS = NO;
				CLANG_CXX_LANGUAGE_STANDARD = "gnu++0x";
				CLANG_CXX_LIBRARY = "libc++";
				CLANG_ENABLE_MODULES = YES;
				CLANG_ENABLE_OBJC_ARC = YES;
				CLANG_WARN_BOOL_CONVERSION = YES;
				CLANG_WARN_CONSTANT_CONVERSION = YES;
				CLANG_WARN_DIRECT_OBJC_ISA_USAGE = YES_ERROR;
				CLANG_WARN_EMPTY_BODY = YES;
				CLANG_WARN_ENUM_CONVERSION = YES;
				CLANG_WARN_INT_CONVERSION = YES;
				CLANG_WARN_OBJC_ROOT_CLASS = YES_ERROR;
				CLANG_WARN_UNREACHABLE_CODE = YES;
				CLANG_WARN__DUPLICATE_METHOD_MATCH = YES;
				COPY_PHASE_STRIP = NO;
				ENABLE_STRICT_OBJC_MSGSEND = YES;
				GCC_C_LANGUAGE_STANDARD = gnu99;
				GCC_DYNAMIC_NO_PIC = NO;
				GCC_OPTIMIZATION_LEVEL = 0;
				GCC_PREPROCESSOR_DEFINITIONS = (
					"DEBUG=1",
					"$(inherited)",
				);
				GCC_SYMBOLS_PRIVATE_EXTERN = NO;
				GCC_WARN_64_TO_32_BIT_CONVERSION = YES;
				GCC_WARN_ABOUT_RETURN_TYPE = YES_ERROR;
				GCC_WARN_UNDECLARED_SELECTOR = YES;
				GCC_WARN_UNINITIALIZED_AUTOS = YES_AGGRESSIVE;
				GCC_WARN_UNUSED_FUNCTION = YES;
				GCC_WARN_UNUSED_VARIABLE = YES;
				MACOSX_DEPLOYMENT_TARGET = 10.9;
				MTL_ENABLE_DEBUG_INFO = YES;
				ONLY_ACTIVE_ARCH = YES;
				SDKROOT = macosx;
			};
			name = Debug;
		};
		3CA732C91A6519B3002C58AE /* Release */ = {
			isa = XCBuildConfiguration;
			buildSettings = {
				ALWAYS_SEARCH_USER_PATHS = NO;
				CLANG_CXX_LANGUAGE_STANDARD = "gnu++0x";
				CLANG_CXX_LIBRARY = "libc++";
				CLANG_ENABLE_MODULES = YES;
				CLANG_ENABLE_OBJC_ARC = YES;
				CLANG_WARN_BOOL_CONVERSION = YES;
				CLANG_WARN_CONSTANT_CONVERSION = YES;
				CLANG_WARN_DIRECT_OBJC_ISA_USAGE = YES_ERROR;
				CLANG_WARN_EMPTY_BODY = YES;
				CLANG_WARN_ENUM_CONVERSION = YES;
				CLANG_WARN_INT_CONVERSION = YES;
				CLANG_WARN_OBJC_ROOT_CLASS = YES_ERROR;
				CLANG_WARN_UNREACHABLE_CODE = YES;
				CLANG_WARN__DUPLICATE_METHOD_MATCH = YES;
				COPY_PHASE_STRIP = YES;
				DEBUG_INFORMATION_FORMAT = "dwarf-with-dsym";
				ENABLE_NS_ASSERTIONS = NO;
				ENABLE_STRICT_OBJC_MSGSEND = YES;
				GCC_C_LANGUAGE_STANDARD = gnu99;
				GCC_WARN_64_TO_32_BIT_CONVERSION = YES;
				GCC_WARN_ABOUT_RETURN_TYPE = YES_ERROR;
				GCC_WARN_UNDECLARED_SELECTOR = YES;
				GCC_WARN_UNINITIALIZED_AUTOS = YES_AGGRESSIVE;
				GCC_WARN_UNUSED_FUNCTION = YES;
				GCC_WARN_UNUSED_VARIABLE = YES;
				MACOSX_DEPLOYMENT_TARGET = 10.9;
				MTL_ENABLE_DEBUG_INFO = NO;
				SDKROOT = macosx;
			};
			name = Release;
		};
		3CA732CB1A6519B3002C58AE /* Debug */ = {
			isa = XCBuildConfiguration;
			buildSettings = {
				CLANG_ENABLE_OBJC_ARC = NO;
				PRODUCT_NAME = "$(TARGET_NAME)";
			};
			name = Debug;
		};
		3CA732CC1A6519B3002C58AE /* Release */ = {
			isa = XCBuildConfiguration;
			buildSettings = {
				CLANG_ENABLE_OBJC_ARC = NO;
				PRODUCT_NAME = "$(TARGET_NAME)";
			};
			name = Release;
		};
/* End XCBuildConfiguration section */

/* Begin XCConfigurationList section */
		3CA732BE1A6519B3002C58AE /* Build configuration list for PBXProject "自己的类如何实现拷贝" */ = {
			isa = XCConfigurationList;
			buildConfigurations = (
				3CA732C81A6519B3002C58AE /* Debug */,
				3CA732C91A6519B3002C58AE /* Release */,
			);
			defaultConfigurationIsVisible = 0;
			defaultConfigurationName = Release;
		};
		3CA732CA1A6519B3002C58AE /* Build configuration list for PBXNativeTarget "自己的类如何实现拷贝" */ = {
			isa = XCConfigurationList;
			buildConfigurations = (
				3CA732CB1A6519B3002C58AE /* Debug */,
				3CA732CC1A6519B3002C58AE /* Release */,
			);
			defaultConfigurationIsVisible = 0;
		};
/* End XCConfigurationList section */
	};
	rootObject = 3CA732BB1A6519B3002C58AE /* Project object */;
}
