// !$*UTF8*$!
{
	archiveVersion = 1;
	classes = {
	};
	objectVersion = 46;
	objects = {

/* Begin PBXBuildFile section */
		3C1DF4D21A61451800540455 /* main.m in Sources */ = {isa = PBXBuildFile; fileRef = 3C1DF4D11A61451800540455 /* main.m */; };
		3C1DF4DA1A61458800540455 /* ZKZChildren.m in Sources */ = {isa = PBXBuildFile; fileRef = 3C1DF4D91A61458800540455 /* ZKZChildren.m */; };
		3C1DF4DD1A61472C00540455 /* ZKZNurse.m in Sources */ = {isa = PBXBuildFile; fileRef = 3C1DF4DC1A61472C00540455 /* ZKZNurse.m */; };
		3C1DF4E11A6165E300540455 /* ZKZTest.m in Sources */ = {isa = PBXBuildFile; fileRef = 3C1DF4E01A6165E300540455 /* ZKZTest.m */; };
/* End PBXBuildFile section */

/* Begin PBXCopyFilesBuildPhase section */
		3C1DF4CC1A61451800540455 /* CopyFiles */ = {
			isa = PBXCopyFilesBuildPhase;
			buildActionMask = 2147483647;
			dstPath = /usr/share/man/man1/;
			dstSubfolderSpec = 0;
			files = (
			);
			runOnlyForDeploymentPostprocessing = 1;
		};
/* End PBXCopyFilesBuildPhase section */

/* Begin PBXFileReference section */
		3C1DF4CE1A61451800540455 /* d代理设计模式 */ = {isa = PBXFileReference; explicitFileType = "compiled.mach-o.executable"; includeInIndex = 0; path = "d代理设计模式"; sourceTree = BUILT_PRODUCTS_DIR; };
		3C1DF4D11A61451800540455 /* main.m */ = {isa = PBXFileReference; lastKnownFileType = sourcecode.c.objc; path = main.m; sourceTree = "<group>"; };
		3C1DF4D81A61458800540455 /* ZKZChildren.h */ = {isa = PBXFileReference; fileEncoding = 4; lastKnownFileType = sourcecode.c.h; path = ZKZChildren.h; sourceTree = "<group>"; };
		3C1DF4D91A61458800540455 /* ZKZChildren.m */ = {isa = PBXFileReference; fileEncoding = 4; lastKnownFileType = sourcecode.c.objc; path = ZKZChildren.m; sourceTree = "<group>"; };
		3C1DF4DB1A61472C00540455 /* ZKZNurse.h */ = {isa = PBXFileReference; fileEncoding = 4; lastKnownFileType = sourcecode.c.h; path = ZKZNurse.h; sourceTree = "<group>"; };
		3C1DF4DC1A61472C00540455 /* ZKZNurse.m */ = {isa = PBXFileReference; fileEncoding = 4; lastKnownFileType = sourcecode.c.objc; path = ZKZNurse.m; sourceTree = "<group>"; };
		3C1DF4DE1A61534500540455 /* ZKZDeleget.h */ = {isa = PBXFileReference; fileEncoding = 4; lastKnownFileType = sourcecode.c.h; path = ZKZDeleget.h; sourceTree = "<group>"; };
		3C1DF4DF1A6165E300540455 /* ZKZTest.h */ = {isa = PBXFileReference; fileEncoding = 4; lastKnownFileType = sourcecode.c.h; path = ZKZTest.h; sourceTree = "<group>"; };
		3C1DF4E01A6165E300540455 /* ZKZTest.m */ = {isa = PBXFileReference; fileEncoding = 4; lastKnownFileType = sourcecode.c.objc; path = ZKZTest.m; sourceTree = "<group>"; };
/* End PBXFileReference section */

/* Begin PBXFrameworksBuildPhase section */
		3C1DF4CB1A61451800540455 /* Frameworks */ = {
			isa = PBXFrameworksBuildPhase;
			buildActionMask = 2147483647;
			files = (
			);
			runOnlyForDeploymentPostprocessing = 0;
		};
/* End PBXFrameworksBuildPhase section */

/* Begin PBXGroup section */
		3C1DF4C51A61451800540455 = {
			isa = PBXGroup;
			children = (
				3C1DF4D01A61451800540455 /* d代理设计模式 */,
				3C1DF4CF1A61451800540455 /* Products */,
			);
			sourceTree = "<group>";
		};
		3C1DF4CF1A61451800540455 /* Products */ = {
			isa = PBXGroup;
			children = (
				3C1DF4CE1A61451800540455 /* d代理设计模式 */,
			);
			name = Products;
			sourceTree = "<group>";
		};
		3C1DF4D01A61451800540455 /* d代理设计模式 */ = {
			isa = PBXGroup;
			children = (
				3C1DF4D11A61451800540455 /* main.m */,
				3C1DF4D81A61458800540455 /* ZKZChildren.h */,
				3C1DF4D91A61458800540455 /* ZKZChildren.m */,
				3C1DF4DB1A61472C00540455 /* ZKZNurse.h */,
				3C1DF4DC1A61472C00540455 /* ZKZNurse.m */,
				3C1DF4DE1A61534500540455 /* ZKZDeleget.h */,
				3C1DF4DF1A6165E300540455 /* ZKZTest.h */,
				3C1DF4E01A6165E300540455 /* ZKZTest.m */,
			);
			path = "d代理设计模式";
			sourceTree = "<group>";
		};
/* End PBXGroup section */

/* Begin PBXNativeTarget section */
		3C1DF4CD1A61451800540455 /* d代理设计模式 */ = {
			isa = PBXNativeTarget;
			buildConfigurationList = 3C1DF4D51A61451800540455 /* Build configuration list for PBXNativeTarget "d代理设计模式" */;
			buildPhases = (
				3C1DF4CA1A61451800540455 /* Sources */,
				3C1DF4CB1A61451800540455 /* Frameworks */,
				3C1DF4CC1A61451800540455 /* CopyFiles */,
			);
			buildRules = (
			);
			dependencies = (
			);
			name = "d代理设计模式";
			productName = "d代理设计模式";
			productReference = 3C1DF4CE1A61451800540455 /* d代理设计模式 */;
			productType = "com.apple.product-type.tool";
		};
/* End PBXNativeTarget section */

/* Begin PBXProject section */
		3C1DF4C61A61451800540455 /* Project object */ = {
			isa = PBXProject;
			attributes = {
				LastUpgradeCheck = 0610;
				ORGANIZATIONNAME = wyzc;
				TargetAttributes = {
					3C1DF4CD1A61451800540455 = {
						CreatedOnToolsVersion = 6.1;
					};
				};
			};
			buildConfigurationList = 3C1DF4C91A61451800540455 /* Build configuration list for PBXProject "d代理设计模式" */;
			compatibilityVersion = "Xcode 3.2";
			developmentRegion = English;
			hasScannedForEncodings = 0;
			knownRegions = (
				en,
			);
			mainGroup = 3C1DF4C51A61451800540455;
			productRefGroup = 3C1DF4CF1A61451800540455 /* Products */;
			projectDirPath = "";
			projectRoot = "";
			targets = (
				3C1DF4CD1A61451800540455 /* d代理设计模式 */,
			);
		};
/* End PBXProject section */

/* Begin PBXSourcesBuildPhase section */
		3C1DF4CA1A61451800540455 /* Sources */ = {
			isa = PBXSourcesBuildPhase;
			buildActionMask = 2147483647;
			files = (
				3C1DF4DD1A61472C00540455 /* ZKZNurse.m in Sources */,
				3C1DF4DA1A61458800540455 /* ZKZChildren.m in Sources */,
				3C1DF4D21A61451800540455 /* main.m in Sources */,
				3C1DF4E11A6165E300540455 /* ZKZTest.m in Sources */,
			);
			runOnlyForDeploymentPostprocessing = 0;
		};
/* End PBXSourcesBuildPhase section */

/* Begin XCBuildConfiguration section */
		3C1DF4D31A61451800540455 /* Debug */ = {
			isa = XCBuildConfiguration;
			buildSettings = {
				ALWAYS_SEARCH_USER_PATHS = NO;
				CLANG_CXX_LANGUAGE_STANDARD = "gnu++0x";
				CLANG_CXX_LIBRARY = "libc++";
				CLANG_ENABLE_MODULES = YES;
				CLANG_ENABLE_OBJC_ARC = YES;
				CLANG_WARN_BOOL_CONVERSION = YES;
				CLANG_WARN_CONSTANT_CONVERSION = YES;
				CLANG_WARN_DIRECT_OBJC_ISA_USAGE = YES_ERROR;
				CLANG_WARN_EMPTY_BODY = YES;
				CLANG_WARN_ENUM_CONVERSION = YES;
				CLANG_WARN_INT_CONVERSION = YES;
				CLANG_WARN_OBJC_ROOT_CLASS = YES_ERROR;
				CLANG_WARN_UNREACHABLE_CODE = YES;
				CLANG_WARN__DUPLICATE_METHOD_MATCH = YES;
				COPY_PHASE_STRIP = NO;
				ENABLE_STRICT_OBJC_MSGSEND = YES;
				GCC_C_LANGUAGE_STANDARD = gnu99;
				GCC_DYNAMIC_NO_PIC = NO;
				GCC_OPTIMIZATION_LEVEL = 0;
				GCC_PREPROCESSOR_DEFINITIONS = (
					"DEBUG=1",
					"$(inherited)",
				);
				GCC_SYMBOLS_PRIVATE_EXTERN = NO;
				GCC_WARN_64_TO_32_BIT_CONVERSION = YES;
				GCC_WARN_ABOUT_RETURN_TYPE = YES_ERROR;
				GCC_WARN_UNDECLARED_SELECTOR = YES;
				GCC_WARN_UNINITIALIZED_AUTOS = YES_AGGRESSIVE;
				GCC_WARN_UNUSED_FUNCTION = YES;
				GCC_WARN_UNUSED_VARIABLE = YES;
				MACOSX_DEPLOYMENT_TARGET = 10.9;
				MTL_ENABLE_DEBUG_INFO = YES;
				ONLY_ACTIVE_ARCH = YES;
				SDKROOT = macosx;
			};
			name = Debug;
		};
		3C1DF4D41A61451800540455 /* Release */ = {
			isa = XCBuildConfiguration;
			buildSettings = {
				ALWAYS_SEARCH_USER_PATHS = NO;
				CLANG_CXX_LANGUAGE_STANDARD = "gnu++0x";
				CLANG_CXX_LIBRARY = "libc++";
				CLANG_ENABLE_MODULES = YES;
				CLANG_ENABLE_OBJC_ARC = YES;
				CLANG_WARN_BOOL_CONVERSION = YES;
				CLANG_WARN_CONSTANT_CONVERSION = YES;
				CLANG_WARN_DIRECT_OBJC_ISA_USAGE = YES_ERROR;
				CLANG_WARN_EMPTY_BODY = YES;
				CLANG_WARN_ENUM_CONVERSION = YES;
				CLANG_WARN_INT_CONVERSION = YES;
				CLANG_WARN_OBJC_ROOT_CLASS = YES_ERROR;
				CLANG_WARN_UNREACHABLE_CODE = YES;
				CLANG_WARN__DUPLICATE_METHOD_MATCH = YES;
				COPY_PHASE_STRIP = YES;
				DEBUG_INFORMATION_FORMAT = "dwarf-with-dsym";
				ENABLE_NS_ASSERTIONS = NO;
				ENABLE_STRICT_OBJC_MSGSEND = YES;
				GCC_C_LANGUAGE_STANDARD = gnu99;
				GCC_WARN_64_TO_32_BIT_CONVERSION = YES;
				GCC_WARN_ABOUT_RETURN_TYPE = YES_ERROR;
				GCC_WARN_UNDECLARED_SELECTOR = YES;
				GCC_WARN_UNINITIALIZED_AUTOS = YES_AGGRESSIVE;
				GCC_WARN_UNUSED_FUNCTION = YES;
				GCC_WARN_UNUSED_VARIABLE = YES;
				MACOSX_DEPLOYMENT_TARGET = 10.9;
				MTL_ENABLE_DEBUG_INFO = NO;
				SDKROOT = macosx;
			};
			name = Release;
		};
		3C1DF4D61A61451800540455 /* Debug */ = {
			isa = XCBuildConfiguration;
			buildSettings = {
				PRODUCT_NAME = "$(TARGET_NAME)";
			};
			name = Debug;
		};
		3C1DF4D71A61451800540455 /* Release */ = {
			isa = XCBuildConfiguration;
			buildSettings = {
				PRODUCT_NAME = "$(TARGET_NAME)";
			};
			name = Release;
		};
/* End XCBuildConfiguration section */

/* Begin XCConfigurationList section */
		3C1DF4C91A61451800540455 /* Build configuration list for PBXProject "d代理设计模式" */ = {
			isa = XCConfigurationList;
			buildConfigurations = (
				3C1DF4D31A61451800540455 /* Debug */,
				3C1DF4D41A61451800540455 /* Release */,
			);
			defaultConfigurationIsVisible = 0;
			defaultConfigurationName = Release;
		};
		3C1DF4D51A61451800540455 /* Build configuration list for PBXNativeTarget "d代理设计模式" */ = {
			isa = XCConfigurationList;
			buildConfigurations = (
				3C1DF4D61A61451800540455 /* Debug */,
				3C1DF4D71A61451800540455 /* Release */,
			);
			defaultConfigurationIsVisible = 0;
			defaultConfigurationName = Release;
		};
/* End XCConfigurationList section */
	};
	rootObject = 3C1DF4C61A61451800540455 /* Project object */;
}
